
Microsoft Visual Studio Solution File, Format Version 12.00
# Visual Studio Version 17
VisualStudioVersion = 17.9.34622.214
MinimumVisualStudioVersion = 10.0.40219.1
Project("{FAE04EC0-301F-11D3-BF4B-00C04F79EFBC}") = "BMS", "BMS\BMS.csproj", "{940EFDEF-1099-4A10-8DF1-A1110B9D6C53}"
EndProject
Global
	GlobalSection(SolutionConfigurationPlatforms) = preSolution
		Debug|Any CPU = Debug|Any CPU
		Release|Any CPU = Release|Any CPU
	EndGlobalSection
	GlobalSection(ProjectConfigurationPlatforms) = postSolution
		{940EFDEF-1099-4A10-8DF1-A1110B9D6C53}.Debug|Any CPU.ActiveCfg = Debug|Any CPU
		{940EFDEF-1099-4A10-8DF1-A1110B9D6C53}.Debug|Any CPU.Build.0 = Debug|Any CPU
		{940EFDEF-1099-4A10-8DF1-A1110B9D6C53}.Release|Any CPU.ActiveCfg = Release|Any CPU
		{940EFDEF-1099-4A10-8DF1-A1110B9D6C53}.Release|Any CPU.Build.0 = Release|Any CPU
	EndGlobalSection
	GlobalSection(SolutionProperties) = preSolution
		HideSolutionNode = FALSE
	EndGlobalSection
	GlobalSection(ExtensibilityGlobals) = postSolution
		SolutionGuid = {59261A4A-68C4-48ED-81CB-0D2B7C9B9776}
	EndGlobalSection
EndGlobal
